
Microsoft Visual Studio Solution File, Format Version 12.00
# Visual Studio Version 17
VisualStudioVersion = 17.4.33213.308
MinimumVisualStudioVersion = 10.0.40219.1
Project("{9A19103F-16F7-4668-BE54-9A1E7A4F7556}") = "Flight", "Flight\Flight.csproj", "{DF825FFF-0130-49FF-91D0-B49B5E36EE0E}"
EndProject
Project("{2150E333-8FDC-42A3-9474-1A3956D46DE8}") = "Solution Items", "Solution Items", "{ECDE51FB-9A85-428C-8B85-3BC0EA8427E5}"
EndProject
Global
	GlobalSection(SolutionConfigurationPlatforms) = preSolution
		Debug|Any CPU = Debug|Any CPU
		Release|Any CPU = Release|Any CPU
	EndGlobalSection
	GlobalSection(ProjectConfigurationPlatforms) = postSolution
		{DF825FFF-0130-49FF-91D0-B49B5E36EE0E}.Debug|Any CPU.ActiveCfg = Debug|Any CPU
		{DF825FFF-0130-49FF-91D0-B49B5E36EE0E}.Debug|Any CPU.Build.0 = Debug|Any CPU
		{DF825FFF-0130-49FF-91D0-B49B5E36EE0E}.Release|Any CPU.ActiveCfg = Release|Any CPU
		{DF825FFF-0130-49FF-91D0-B49B5E36EE0E}.Release|Any CPU.Build.0 = Release|Any CPU
	EndGlobalSection
	GlobalSection(SolutionProperties) = preSolution
		HideSolutionNode = FALSE
	EndGlobalSection
	GlobalSection(ExtensibilityGlobals) = postSolution
		SolutionGuid = {7A37D8B1-779E-4548-93B1-9F76D8FD3B14}
	EndGlobalSection
EndGlobal
