
Microsoft Visual Studio Solution File, Format Version 12.00
# Visual Studio Version 17
VisualStudioVersion = 17.4.33213.308
MinimumVisualStudioVersion = 10.0.40219.1
Project("{FAE04EC0-301F-11D3-BF4B-00C04F79EFBC}") = "Flight", "Flight\Flight.csproj", "{DF825FFF-0130-49FF-91D0-B49B5E36EE0E}"
EndProject
Global
	GlobalSection(SolutionConfigurationPlatforms) = preSolution
		Debug|Any CPU = Debug|Any CPU
		Release|Any CPU = Release|Any CPU
	EndGlobalSection
	GlobalSection(ProjectConfigurationPlatforms) = postSolution
		{DF825FFF-0130-49FF-91D0-B49B5E36EE0E}.Debug|Any CPU.ActiveCfg = Debug|Any CPU
		{DF825FFF-0130-49FF-91D0-B49B5E36EE0E}.Debug|Any CPU.Build.0 = Debug|Any CPU
		{DF825FFF-0130-49FF-91D0-B49B5E36EE0E}.Release|Any CPU.ActiveCfg = Release|Any CPU
		{DF825FFF-0130-49FF-91D0-B49B5E36EE0E}.Release|Any CPU.Build.0 = Release|Any CPU
	EndGlobalSection
	GlobalSection(SolutionProperties) = preSolution
		HideSolutionNode = FALSE
	EndGlobalSection
	GlobalSection(ExtensibilityGlobals) = postSolution
		SolutionGuid = {7A37D8B1-779E-4548-93B1-9F76D8FD3B14}
	EndGlobalSection
EndGlobal
